
Microsoft Visual Studio Solution File, Format Version 12.00
# Visual Studio Version 17
VisualStudioVersion = 17.0.31903.59
MinimumVisualStudioVersion = 10.0.40219.1
Project("{2150E333-8FDC-42A3-9474-1A3956D46DE8}") = "host", "host", "{EFD0682A-9913-4650-90C6-3F80BF50C1CC}"
EndProject
Project("{9A19103F-16F7-4668-BE54-9A1E7A4F7556}") = "DKW.Mcp.AuthServer", "host\DKW.Mcp.AuthServer\DKW.Mcp.AuthServer.csproj", "{D465E299-507D-4539-AA0C-AB0C519F533F}"
EndProject
Project("{9A19103F-16F7-4668-BE54-9A1E7A4F7556}") = "DKW.Mcp.Blazor.WebAssembly.Host", "host\DKW.Mcp.Blazor.Host\DKW.Mcp.Blazor.WebAssembly.Host.csproj", "{3E195DBA-6443-477F-9F2F-73D770208320}"
EndProject
Project("{9A19103F-16F7-4668-BE54-9A1E7A4F7556}") = "DKW.Mcp.Blazor.Server.Host", "host\DKW.Mcp.Blazor.Server.Host\DKW.Mcp.Blazor.Server.Host.csproj", "{187A5A57-6327-4A14-892B-95C51A6B53AD}"
EndProject
Project("{9A19103F-16F7-4668-BE54-9A1E7A4F7556}") = "DKW.Mcp.Host.Shared", "host\DKW.Mcp.Host.Shared\DKW.Mcp.Host.Shared.csproj", "{300360C4-2DD3-4984-948B-C0D92355F58B}"
EndProject
Project("{9A19103F-16F7-4668-BE54-9A1E7A4F7556}") = "DKW.Mcp.HttpApi.Host", "host\DKW.Mcp.HttpApi.Host\DKW.Mcp.HttpApi.Host.csproj", "{7C491468-EA6E-4ECD-9D83-47373BFB0D86}"
EndProject
Project("{9A19103F-16F7-4668-BE54-9A1E7A4F7556}") = "DKW.Mcp.Web.Host", "host\DKW.Mcp.Web.Host\DKW.Mcp.Web.Host.csproj", "{C1AF41BB-76CF-407A-93B0-E0A2A13637FB}"
EndProject
Project("{9A19103F-16F7-4668-BE54-9A1E7A4F7556}") = "DKW.Mcp.Web.Unified", "host\DKW.Mcp.Web.Unified\DKW.Mcp.Web.Unified.csproj", "{21297E82-440A-4FD0-B5E8-3C7E854DE21C}"
EndProject
Project("{2150E333-8FDC-42A3-9474-1A3956D46DE8}") = "packages", "packages", "{AFB31573-86F5-4595-94EB-EB7CF9472EE2}"
EndProject
Project("{9A19103F-16F7-4668-BE54-9A1E7A4F7556}") = "DKW.Abp.AspNetCore.Components.Server.Assan", "packages\DKW.Abp.AspNetCore.Components.Server.Assan\DKW.Abp.AspNetCore.Components.Server.Assan.csproj", "{98FB2DB8-8F3D-49D8-8EFA-AFAAA55337F4}"
EndProject
Project("{9A19103F-16F7-4668-BE54-9A1E7A4F7556}") = "DKW.Abp.AspNetCore.Components.Web.Assan", "packages\DKW.Abp.AspNetCore.Components.Web.Assan\DKW.Abp.AspNetCore.Components.Web.Assan.csproj", "{FF9FCA5A-2DFF-47BC-BEF8-1FDED624A6E4}"
EndProject
Project("{9A19103F-16F7-4668-BE54-9A1E7A4F7556}") = "DKW.Abp.AspNetCore.Components.WebAssembly.Assan", "packages\DKW.Abp.AspNetCore.Components.WebAssembly.Assan\DKW.Abp.AspNetCore.Components.WebAssembly.Assan.csproj", "{3E3FE12A-EAE0-4DC8-B457-8A8F6D11AAEB}"
EndProject
Project("{9A19103F-16F7-4668-BE54-9A1E7A4F7556}") = "DKW.Abp.AspNetCore.Mvc.UI.Theme.Assan", "packages\DKW.Abp.AspNetCore.Mvc.UI.Theme.Assan\DKW.Abp.AspNetCore.Mvc.UI.Theme.Assan.csproj", "{06BC7D1E-BD20-4284-978F-79A4FA9DBFEC}"
EndProject
Project("{2150E333-8FDC-42A3-9474-1A3956D46DE8}") = "src", "src", "{1FD52FC7-6255-4488-9581-0961B69A83E4}"
EndProject
Project("{9A19103F-16F7-4668-BE54-9A1E7A4F7556}") = "DKW.Mcp.Application", "src\DKW.Mcp.Application\DKW.Mcp.Application.csproj", "{A2F64CCB-5210-4C9B-9F08-2701BB50FC06}"
EndProject
Project("{9A19103F-16F7-4668-BE54-9A1E7A4F7556}") = "DKW.Mcp.Application.Contracts", "src\DKW.Mcp.Application.Contracts\DKW.Mcp.Application.Contracts.csproj", "{0CB99923-ABD0-444F-B00F-181707D32274}"
EndProject
Project("{9A19103F-16F7-4668-BE54-9A1E7A4F7556}") = "DKW.Mcp.Blazor", "src\DKW.Mcp.Blazor\DKW.Mcp.Blazor.csproj", "{B7A75009-58C4-4A06-A9A2-CEBEF96375D4}"
EndProject
Project("{9A19103F-16F7-4668-BE54-9A1E7A4F7556}") = "DKW.Mcp.Blazor.Server", "src\DKW.Mcp.Blazor.Server\DKW.Mcp.Blazor.Server.csproj", "{D771F628-6AB8-4531-942B-07D2812A9AE4}"
EndProject
Project("{9A19103F-16F7-4668-BE54-9A1E7A4F7556}") = "DKW.Mcp.Blazor.WebAssembly", "src\DKW.Mcp.Blazor.WebAssembly\DKW.Mcp.Blazor.WebAssembly.csproj", "{334D1825-1111-4CE5-A553-C97C0A72F696}"
EndProject
Project("{9A19103F-16F7-4668-BE54-9A1E7A4F7556}") = "DKW.Mcp.Domain", "src\DKW.Mcp.Domain\DKW.Mcp.Domain.csproj", "{4FCDA691-7B83-4B3A-83A2-403FD88DAD7B}"
EndProject
Project("{9A19103F-16F7-4668-BE54-9A1E7A4F7556}") = "DKW.Mcp.Domain.Shared", "src\DKW.Mcp.Domain.Shared\DKW.Mcp.Domain.Shared.csproj", "{4AD9BADC-C2B7-417D-91F6-570B0A599C64}"
EndProject
Project("{9A19103F-16F7-4668-BE54-9A1E7A4F7556}") = "DKW.Mcp.EntityFrameworkCore", "src\DKW.Mcp.EntityFrameworkCore\DKW.Mcp.EntityFrameworkCore.csproj", "{F73CA030-AC69-4D9E-A1B0-E3D3AD3A5AEF}"
EndProject
Project("{9A19103F-16F7-4668-BE54-9A1E7A4F7556}") = "DKW.Mcp.HttpApi", "src\DKW.Mcp.HttpApi\DKW.Mcp.HttpApi.csproj", "{CD7E3EB2-579B-4A34-8DA0-693F2229BD0D}"
EndProject
Project("{9A19103F-16F7-4668-BE54-9A1E7A4F7556}") = "DKW.Mcp.HttpApi.Client", "src\DKW.Mcp.HttpApi.Client\DKW.Mcp.HttpApi.Client.csproj", "{59FB4CE5-5C08-45CF-BC53-E7F7CE1B0F71}"
EndProject
Project("{9A19103F-16F7-4668-BE54-9A1E7A4F7556}") = "DKW.Mcp.Installer", "src\DKW.Mcp.Installer\DKW.Mcp.Installer.csproj", "{07193682-7DF6-4BAA-9FFF-945788D70D5B}"
EndProject
Project("{9A19103F-16F7-4668-BE54-9A1E7A4F7556}") = "DKW.Mcp.MongoDB", "src\DKW.Mcp.MongoDB\DKW.Mcp.MongoDB.csproj", "{DA40962A-8364-4229-827C-94E34F1D469D}"
EndProject
Project("{9A19103F-16F7-4668-BE54-9A1E7A4F7556}") = "DKW.Mcp.Web", "src\DKW.Mcp.Web\DKW.Mcp.Web.csproj", "{62452E1B-A4C2-4F71-846B-5307E72B6DAF}"
EndProject
Project("{2150E333-8FDC-42A3-9474-1A3956D46DE8}") = "test", "test", "{BE9D238F-FA96-40EA-98CF-ECE42CF6250A}"
EndProject
Project("{9A19103F-16F7-4668-BE54-9A1E7A4F7556}") = "DKW.Mcp.Application.Tests", "test\DKW.Mcp.Application.Tests\DKW.Mcp.Application.Tests.csproj", "{343FDD56-26F5-4D8A-9D3A-C5795E511E12}"
EndProject
Project("{9A19103F-16F7-4668-BE54-9A1E7A4F7556}") = "DKW.Mcp.Domain.Tests", "test\DKW.Mcp.Domain.Tests\DKW.Mcp.Domain.Tests.csproj", "{64830E5D-5175-4CCF-98FD-D41A8D354482}"
EndProject
Project("{9A19103F-16F7-4668-BE54-9A1E7A4F7556}") = "DKW.Mcp.EntityFrameworkCore.Tests", "test\DKW.Mcp.EntityFrameworkCore.Tests\DKW.Mcp.EntityFrameworkCore.Tests.csproj", "{51C07C9E-D8E4-4579-B955-701B318E4115}"
EndProject
Project("{9A19103F-16F7-4668-BE54-9A1E7A4F7556}") = "DKW.Mcp.HttpApi.Client.ConsoleTestApp", "test\DKW.Mcp.HttpApi.Client.ConsoleTestApp\DKW.Mcp.HttpApi.Client.ConsoleTestApp.csproj", "{33551E01-C156-454C-9ED1-D9AB14606EBD}"
EndProject
Project("{9A19103F-16F7-4668-BE54-9A1E7A4F7556}") = "DKW.Mcp.MongoDB.Tests", "test\DKW.Mcp.MongoDB.Tests\DKW.Mcp.MongoDB.Tests.csproj", "{D92B3A5F-025C-4AD7-BFEB-F018CFAE74FB}"
EndProject
Project("{9A19103F-16F7-4668-BE54-9A1E7A4F7556}") = "DKW.Mcp.TestBase", "test\DKW.Mcp.TestBase\DKW.Mcp.TestBase.csproj", "{CCC284AF-07B9-4012-8599-378B94CCAF85}"
EndProject
Project("{2150E333-8FDC-42A3-9474-1A3956D46DE8}") = "Solution Items", "Solution Items", "{87D08ABC-1BF1-40AF-8F83-7B0A1AA0589A}"
	ProjectSection(SolutionItems) = preProject
		.editorconfig = .editorconfig
		.gitattributes = .gitattributes
		.gitignore = .gitignore
		.prettierrc = .prettierrc
		Directory.Build.props = Directory.Build.props
		LICENSE.txt = LICENSE.txt
		README.md = README.md
	EndProjectSection
EndProject
Global
	GlobalSection(SolutionConfigurationPlatforms) = preSolution
		Debug|Any CPU = Debug|Any CPU
		Release|Any CPU = Release|Any CPU
	EndGlobalSection
	GlobalSection(ProjectConfigurationPlatforms) = postSolution
		{D465E299-507D-4539-AA0C-AB0C519F533F}.Debug|Any CPU.ActiveCfg = Debug|Any CPU
		{D465E299-507D-4539-AA0C-AB0C519F533F}.Debug|Any CPU.Build.0 = Debug|Any CPU
		{D465E299-507D-4539-AA0C-AB0C519F533F}.Release|Any CPU.ActiveCfg = Release|Any CPU
		{D465E299-507D-4539-AA0C-AB0C519F533F}.Release|Any CPU.Build.0 = Release|Any CPU
		{3E195DBA-6443-477F-9F2F-73D770208320}.Debug|Any CPU.ActiveCfg = Debug|Any CPU
		{3E195DBA-6443-477F-9F2F-73D770208320}.Debug|Any CPU.Build.0 = Debug|Any CPU
		{3E195DBA-6443-477F-9F2F-73D770208320}.Release|Any CPU.ActiveCfg = Release|Any CPU
		{3E195DBA-6443-477F-9F2F-73D770208320}.Release|Any CPU.Build.0 = Release|Any CPU
		{187A5A57-6327-4A14-892B-95C51A6B53AD}.Debug|Any CPU.ActiveCfg = Debug|Any CPU
		{187A5A57-6327-4A14-892B-95C51A6B53AD}.Debug|Any CPU.Build.0 = Debug|Any CPU
		{187A5A57-6327-4A14-892B-95C51A6B53AD}.Release|Any CPU.ActiveCfg = Release|Any CPU
		{187A5A57-6327-4A14-892B-95C51A6B53AD}.Release|Any CPU.Build.0 = Release|Any CPU
		{300360C4-2DD3-4984-948B-C0D92355F58B}.Debug|Any CPU.ActiveCfg = Debug|Any CPU
		{300360C4-2DD3-4984-948B-C0D92355F58B}.Debug|Any CPU.Build.0 = Debug|Any CPU
		{300360C4-2DD3-4984-948B-C0D92355F58B}.Release|Any CPU.ActiveCfg = Release|Any CPU
		{300360C4-2DD3-4984-948B-C0D92355F58B}.Release|Any CPU.Build.0 = Release|Any CPU
		{7C491468-EA6E-4ECD-9D83-47373BFB0D86}.Debug|Any CPU.ActiveCfg = Debug|Any CPU
		{7C491468-EA6E-4ECD-9D83-47373BFB0D86}.Debug|Any CPU.Build.0 = Debug|Any CPU
		{7C491468-EA6E-4ECD-9D83-47373BFB0D86}.Release|Any CPU.ActiveCfg = Release|Any CPU
		{7C491468-EA6E-4ECD-9D83-47373BFB0D86}.Release|Any CPU.Build.0 = Release|Any CPU
		{C1AF41BB-76CF-407A-93B0-E0A2A13637FB}.Debug|Any CPU.ActiveCfg = Debug|Any CPU
		{C1AF41BB-76CF-407A-93B0-E0A2A13637FB}.Debug|Any CPU.Build.0 = Debug|Any CPU
		{C1AF41BB-76CF-407A-93B0-E0A2A13637FB}.Release|Any CPU.ActiveCfg = Release|Any CPU
		{C1AF41BB-76CF-407A-93B0-E0A2A13637FB}.Release|Any CPU.Build.0 = Release|Any CPU
		{21297E82-440A-4FD0-B5E8-3C7E854DE21C}.Debug|Any CPU.ActiveCfg = Debug|Any CPU
		{21297E82-440A-4FD0-B5E8-3C7E854DE21C}.Debug|Any CPU.Build.0 = Debug|Any CPU
		{21297E82-440A-4FD0-B5E8-3C7E854DE21C}.Release|Any CPU.ActiveCfg = Release|Any CPU
		{21297E82-440A-4FD0-B5E8-3C7E854DE21C}.Release|Any CPU.Build.0 = Release|Any CPU
		{98FB2DB8-8F3D-49D8-8EFA-AFAAA55337F4}.Debug|Any CPU.ActiveCfg = Debug|Any CPU
		{98FB2DB8-8F3D-49D8-8EFA-AFAAA55337F4}.Debug|Any CPU.Build.0 = Debug|Any CPU
		{98FB2DB8-8F3D-49D8-8EFA-AFAAA55337F4}.Release|Any CPU.ActiveCfg = Release|Any CPU
		{98FB2DB8-8F3D-49D8-8EFA-AFAAA55337F4}.Release|Any CPU.Build.0 = Release|Any CPU
		{FF9FCA5A-2DFF-47BC-BEF8-1FDED624A6E4}.Debug|Any CPU.ActiveCfg = Debug|Any CPU
		{FF9FCA5A-2DFF-47BC-BEF8-1FDED624A6E4}.Debug|Any CPU.Build.0 = Debug|Any CPU
		{FF9FCA5A-2DFF-47BC-BEF8-1FDED624A6E4}.Release|Any CPU.ActiveCfg = Release|Any CPU
		{FF9FCA5A-2DFF-47BC-BEF8-1FDED624A6E4}.Release|Any CPU.Build.0 = Release|Any CPU
		{3E3FE12A-EAE0-4DC8-B457-8A8F6D11AAEB}.Debug|Any CPU.ActiveCfg = Debug|Any CPU
		{3E3FE12A-EAE0-4DC8-B457-8A8F6D11AAEB}.Debug|Any CPU.Build.0 = Debug|Any CPU
		{3E3FE12A-EAE0-4DC8-B457-8A8F6D11AAEB}.Release|Any CPU.ActiveCfg = Release|Any CPU
		{3E3FE12A-EAE0-4DC8-B457-8A8F6D11AAEB}.Release|Any CPU.Build.0 = Release|Any CPU
		{06BC7D1E-BD20-4284-978F-79A4FA9DBFEC}.Debug|Any CPU.ActiveCfg = Debug|Any CPU
		{06BC7D1E-BD20-4284-978F-79A4FA9DBFEC}.Debug|Any CPU.Build.0 = Debug|Any CPU
		{06BC7D1E-BD20-4284-978F-79A4FA9DBFEC}.Release|Any CPU.ActiveCfg = Release|Any CPU
		{06BC7D1E-BD20-4284-978F-79A4FA9DBFEC}.Release|Any CPU.Build.0 = Release|Any CPU
		{A2F64CCB-5210-4C9B-9F08-2701BB50FC06}.Debug|Any CPU.ActiveCfg = Debug|Any CPU
		{A2F64CCB-5210-4C9B-9F08-2701BB50FC06}.Debug|Any CPU.Build.0 = Debug|Any CPU
		{A2F64CCB-5210-4C9B-9F08-2701BB50FC06}.Release|Any CPU.ActiveCfg = Release|Any CPU
		{A2F64CCB-5210-4C9B-9F08-2701BB50FC06}.Release|Any CPU.Build.0 = Release|Any CPU
		{0CB99923-ABD0-444F-B00F-181707D32274}.Debug|Any CPU.ActiveCfg = Debug|Any CPU
		{0CB99923-ABD0-444F-B00F-181707D32274}.Debug|Any CPU.Build.0 = Debug|Any CPU
		{0CB99923-ABD0-444F-B00F-181707D32274}.Release|Any CPU.ActiveCfg = Release|Any CPU
		{0CB99923-ABD0-444F-B00F-181707D32274}.Release|Any CPU.Build.0 = Release|Any CPU
		{B7A75009-58C4-4A06-A9A2-CEBEF96375D4}.Debug|Any CPU.ActiveCfg = Debug|Any CPU
		{B7A75009-58C4-4A06-A9A2-CEBEF96375D4}.Debug|Any CPU.Build.0 = Debug|Any CPU
		{B7A75009-58C4-4A06-A9A2-CEBEF96375D4}.Release|Any CPU.ActiveCfg = Release|Any CPU
		{B7A75009-58C4-4A06-A9A2-CEBEF96375D4}.Release|Any CPU.Build.0 = Release|Any CPU
		{D771F628-6AB8-4531-942B-07D2812A9AE4}.Debug|Any CPU.ActiveCfg = Debug|Any CPU
		{D771F628-6AB8-4531-942B-07D2812A9AE4}.Debug|Any CPU.Build.0 = Debug|Any CPU
		{D771F628-6AB8-4531-942B-07D2812A9AE4}.Release|Any CPU.ActiveCfg = Release|Any CPU
		{D771F628-6AB8-4531-942B-07D2812A9AE4}.Release|Any CPU.Build.0 = Release|Any CPU
		{334D1825-1111-4CE5-A553-C97C0A72F696}.Debug|Any CPU.ActiveCfg = Debug|Any CPU
		{334D1825-1111-4CE5-A553-C97C0A72F696}.Debug|Any CPU.Build.0 = Debug|Any CPU
		{334D1825-1111-4CE5-A553-C97C0A72F696}.Release|Any CPU.ActiveCfg = Release|Any CPU
		{334D1825-1111-4CE5-A553-C97C0A72F696}.Release|Any CPU.Build.0 = Release|Any CPU
		{4FCDA691-7B83-4B3A-83A2-403FD88DAD7B}.Debug|Any CPU.ActiveCfg = Debug|Any CPU
		{4FCDA691-7B83-4B3A-83A2-403FD88DAD7B}.Debug|Any CPU.Build.0 = Debug|Any CPU
		{4FCDA691-7B83-4B3A-83A2-403FD88DAD7B}.Release|Any CPU.ActiveCfg = Release|Any CPU
		{4FCDA691-7B83-4B3A-83A2-403FD88DAD7B}.Release|Any CPU.Build.0 = Release|Any CPU
		{4AD9BADC-C2B7-417D-91F6-570B0A599C64}.Debug|Any CPU.ActiveCfg = Debug|Any CPU
		{4AD9BADC-C2B7-417D-91F6-570B0A599C64}.Debug|Any CPU.Build.0 = Debug|Any CPU
		{4AD9BADC-C2B7-417D-91F6-570B0A599C64}.Release|Any CPU.ActiveCfg = Release|Any CPU
		{4AD9BADC-C2B7-417D-91F6-570B0A599C64}.Release|Any CPU.Build.0 = Release|Any CPU
		{F73CA030-AC69-4D9E-A1B0-E3D3AD3A5AEF}.Debug|Any CPU.ActiveCfg = Debug|Any CPU
		{F73CA030-AC69-4D9E-A1B0-E3D3AD3A5AEF}.Debug|Any CPU.Build.0 = Debug|Any CPU
		{F73CA030-AC69-4D9E-A1B0-E3D3AD3A5AEF}.Release|Any CPU.ActiveCfg = Release|Any CPU
		{F73CA030-AC69-4D9E-A1B0-E3D3AD3A5AEF}.Release|Any CPU.Build.0 = Release|Any CPU
		{CD7E3EB2-579B-4A34-8DA0-693F2229BD0D}.Debug|Any CPU.ActiveCfg = Debug|Any CPU
		{CD7E3EB2-579B-4A34-8DA0-693F2229BD0D}.Debug|Any CPU.Build.0 = Debug|Any CPU
		{CD7E3EB2-579B-4A34-8DA0-693F2229BD0D}.Release|Any CPU.ActiveCfg = Release|Any CPU
		{CD7E3EB2-579B-4A34-8DA0-693F2229BD0D}.Release|Any CPU.Build.0 = Release|Any CPU
		{59FB4CE5-5C08-45CF-BC53-E7F7CE1B0F71}.Debug|Any CPU.ActiveCfg = Debug|Any CPU
		{59FB4CE5-5C08-45CF-BC53-E7F7CE1B0F71}.Debug|Any CPU.Build.0 = Debug|Any CPU
		{59FB4CE5-5C08-45CF-BC53-E7F7CE1B0F71}.Release|Any CPU.ActiveCfg = Release|Any CPU
		{59FB4CE5-5C08-45CF-BC53-E7F7CE1B0F71}.Release|Any CPU.Build.0 = Release|Any CPU
		{07193682-7DF6-4BAA-9FFF-945788D70D5B}.Debug|Any CPU.ActiveCfg = Debug|Any CPU
		{07193682-7DF6-4BAA-9FFF-945788D70D5B}.Debug|Any CPU.Build.0 = Debug|Any CPU
		{07193682-7DF6-4BAA-9FFF-945788D70D5B}.Release|Any CPU.ActiveCfg = Release|Any CPU
		{07193682-7DF6-4BAA-9FFF-945788D70D5B}.Release|Any CPU.Build.0 = Release|Any CPU
		{DA40962A-8364-4229-827C-94E34F1D469D}.Debug|Any CPU.ActiveCfg = Debug|Any CPU
		{DA40962A-8364-4229-827C-94E34F1D469D}.Debug|Any CPU.Build.0 = Debug|Any CPU
		{DA40962A-8364-4229-827C-94E34F1D469D}.Release|Any CPU.ActiveCfg = Release|Any CPU
		{DA40962A-8364-4229-827C-94E34F1D469D}.Release|Any CPU.Build.0 = Release|Any CPU
		{62452E1B-A4C2-4F71-846B-5307E72B6DAF}.Debug|Any CPU.ActiveCfg = Debug|Any CPU
		{62452E1B-A4C2-4F71-846B-5307E72B6DAF}.Debug|Any CPU.Build.0 = Debug|Any CPU
		{62452E1B-A4C2-4F71-846B-5307E72B6DAF}.Release|Any CPU.ActiveCfg = Release|Any CPU
		{62452E1B-A4C2-4F71-846B-5307E72B6DAF}.Release|Any CPU.Build.0 = Release|Any CPU
		{343FDD56-26F5-4D8A-9D3A-C5795E511E12}.Debug|Any CPU.ActiveCfg = Debug|Any CPU
		{343FDD56-26F5-4D8A-9D3A-C5795E511E12}.Debug|Any CPU.Build.0 = Debug|Any CPU
		{343FDD56-26F5-4D8A-9D3A-C5795E511E12}.Release|Any CPU.ActiveCfg = Release|Any CPU
		{343FDD56-26F5-4D8A-9D3A-C5795E511E12}.Release|Any CPU.Build.0 = Release|Any CPU
		{64830E5D-5175-4CCF-98FD-D41A8D354482}.Debug|Any CPU.ActiveCfg = Debug|Any CPU
		{64830E5D-5175-4CCF-98FD-D41A8D354482}.Debug|Any CPU.Build.0 = Debug|Any CPU
		{64830E5D-5175-4CCF-98FD-D41A8D354482}.Release|Any CPU.ActiveCfg = Release|Any CPU
		{64830E5D-5175-4CCF-98FD-D41A8D354482}.Release|Any CPU.Build.0 = Release|Any CPU
		{51C07C9E-D8E4-4579-B955-701B318E4115}.Debug|Any CPU.ActiveCfg = Debug|Any CPU
		{51C07C9E-D8E4-4579-B955-701B318E4115}.Debug|Any CPU.Build.0 = Debug|Any CPU
		{51C07C9E-D8E4-4579-B955-701B318E4115}.Release|Any CPU.ActiveCfg = Release|Any CPU
		{51C07C9E-D8E4-4579-B955-701B318E4115}.Release|Any CPU.Build.0 = Release|Any CPU
		{33551E01-C156-454C-9ED1-D9AB14606EBD}.Debug|Any CPU.ActiveCfg = Debug|Any CPU
		{33551E01-C156-454C-9ED1-D9AB14606EBD}.Debug|Any CPU.Build.0 = Debug|Any CPU
		{33551E01-C156-454C-9ED1-D9AB14606EBD}.Release|Any CPU.ActiveCfg = Release|Any CPU
		{33551E01-C156-454C-9ED1-D9AB14606EBD}.Release|Any CPU.Build.0 = Release|Any CPU
		{D92B3A5F-025C-4AD7-BFEB-F018CFAE74FB}.Debug|Any CPU.ActiveCfg = Debug|Any CPU
		{D92B3A5F-025C-4AD7-BFEB-F018CFAE74FB}.Debug|Any CPU.Build.0 = Debug|Any CPU
		{D92B3A5F-025C-4AD7-BFEB-F018CFAE74FB}.Release|Any CPU.ActiveCfg = Release|Any CPU
		{D92B3A5F-025C-4AD7-BFEB-F018CFAE74FB}.Release|Any CPU.Build.0 = Release|Any CPU
		{CCC284AF-07B9-4012-8599-378B94CCAF85}.Debug|Any CPU.ActiveCfg = Debug|Any CPU
		{CCC284AF-07B9-4012-8599-378B94CCAF85}.Debug|Any CPU.Build.0 = Debug|Any CPU
		{CCC284AF-07B9-4012-8599-378B94CCAF85}.Release|Any CPU.ActiveCfg = Release|Any CPU
		{CCC284AF-07B9-4012-8599-378B94CCAF85}.Release|Any CPU.Build.0 = Release|Any CPU
	EndGlobalSection
	GlobalSection(SolutionProperties) = preSolution
		HideSolutionNode = FALSE
	EndGlobalSection
	GlobalSection(NestedProjects) = preSolution
		{D465E299-507D-4539-AA0C-AB0C519F533F} = {EFD0682A-9913-4650-90C6-3F80BF50C1CC}
		{3E195DBA-6443-477F-9F2F-73D770208320} = {EFD0682A-9913-4650-90C6-3F80BF50C1CC}
		{187A5A57-6327-4A14-892B-95C51A6B53AD} = {EFD0682A-9913-4650-90C6-3F80BF50C1CC}
		{300360C4-2DD3-4984-948B-C0D92355F58B} = {EFD0682A-9913-4650-90C6-3F80BF50C1CC}
		{7C491468-EA6E-4ECD-9D83-47373BFB0D86} = {EFD0682A-9913-4650-90C6-3F80BF50C1CC}
		{C1AF41BB-76CF-407A-93B0-E0A2A13637FB} = {EFD0682A-9913-4650-90C6-3F80BF50C1CC}
		{21297E82-440A-4FD0-B5E8-3C7E854DE21C} = {EFD0682A-9913-4650-90C6-3F80BF50C1CC}
		{98FB2DB8-8F3D-49D8-8EFA-AFAAA55337F4} = {AFB31573-86F5-4595-94EB-EB7CF9472EE2}
		{FF9FCA5A-2DFF-47BC-BEF8-1FDED624A6E4} = {AFB31573-86F5-4595-94EB-EB7CF9472EE2}
		{3E3FE12A-EAE0-4DC8-B457-8A8F6D11AAEB} = {AFB31573-86F5-4595-94EB-EB7CF9472EE2}
		{06BC7D1E-BD20-4284-978F-79A4FA9DBFEC} = {AFB31573-86F5-4595-94EB-EB7CF9472EE2}
		{A2F64CCB-5210-4C9B-9F08-2701BB50FC06} = {1FD52FC7-6255-4488-9581-0961B69A83E4}
		{0CB99923-ABD0-444F-B00F-181707D32274} = {1FD52FC7-6255-4488-9581-0961B69A83E4}
		{B7A75009-58C4-4A06-A9A2-CEBEF96375D4} = {1FD52FC7-6255-4488-9581-0961B69A83E4}
		{D771F628-6AB8-4531-942B-07D2812A9AE4} = {1FD52FC7-6255-4488-9581-0961B69A83E4}
		{334D1825-1111-4CE5-A553-C97C0A72F696} = {1FD52FC7-6255-4488-9581-0961B69A83E4}
		{4FCDA691-7B83-4B3A-83A2-403FD88DAD7B} = {1FD52FC7-6255-4488-9581-0961B69A83E4}
		{4AD9BADC-C2B7-417D-91F6-570B0A599C64} = {1FD52FC7-6255-4488-9581-0961B69A83E4}
		{F73CA030-AC69-4D9E-A1B0-E3D3AD3A5AEF} = {1FD52FC7-6255-4488-9581-0961B69A83E4}
		{CD7E3EB2-579B-4A34-8DA0-693F2229BD0D} = {1FD52FC7-6255-4488-9581-0961B69A83E4}
		{59FB4CE5-5C08-45CF-BC53-E7F7CE1B0F71} = {1FD52FC7-6255-4488-9581-0961B69A83E4}
		{07193682-7DF6-4BAA-9FFF-945788D70D5B} = {1FD52FC7-6255-4488-9581-0961B69A83E4}
		{DA40962A-8364-4229-827C-94E34F1D469D} = {1FD52FC7-6255-4488-9581-0961B69A83E4}
		{62452E1B-A4C2-4F71-846B-5307E72B6DAF} = {1FD52FC7-6255-4488-9581-0961B69A83E4}
		{343FDD56-26F5-4D8A-9D3A-C5795E511E12} = {BE9D238F-FA96-40EA-98CF-ECE42CF6250A}
		{64830E5D-5175-4CCF-98FD-D41A8D354482} = {BE9D238F-FA96-40EA-98CF-ECE42CF6250A}
		{51C07C9E-D8E4-4579-B955-701B318E4115} = {BE9D238F-FA96-40EA-98CF-ECE42CF6250A}
		{33551E01-C156-454C-9ED1-D9AB14606EBD} = {BE9D238F-FA96-40EA-98CF-ECE42CF6250A}
		{D92B3A5F-025C-4AD7-BFEB-F018CFAE74FB} = {BE9D238F-FA96-40EA-98CF-ECE42CF6250A}
		{CCC284AF-07B9-4012-8599-378B94CCAF85} = {BE9D238F-FA96-40EA-98CF-ECE42CF6250A}
	EndGlobalSection
EndGlobal
